Microsoft Visual Studio Solution File, Format Version 11.00
# Visual Studio 2008

Project("{0C0A7266-302E-79A3-4EB8-F0B1CC8F7CB0}") = "rollABall", "Assembly-CSharp.csproj", "{E61BADCC-9894-44D0-0740-0C98799F7731}"
EndProject
Global
	GlobalSection(SolutionConfigurationPlatforms) = preSolution
		Debug|Any CPU = Debug|Any CPU
		Release|Any CPU = Release|Any CPU
	EndGlobalSection
	GlobalSection(ProjectConfigurationPlatforms) = postSolution
		{E61BADCC-9894-44D0-0740-0C98799F7731}.Debug|Any CPU.ActiveCfg = Debug|Any CPU
		{E61BADCC-9894-44D0-0740-0C98799F7731}.Debug|Any CPU.Build.0 = Debug|Any CPU
		{E61BADCC-9894-44D0-0740-0C98799F7731}.Release|Any CPU.ActiveCfg = Release|Any CPU
		{E61BADCC-9894-44D0-0740-0C98799F7731}.Release|Any CPU.Build.0 = Release|Any CPU
	EndGlobalSection
	GlobalSection(SolutionProperties) = preSolution
		HideSolutionNode = FALSE
	EndGlobalSection
	GlobalSection(MonoDevelopProperties) = preSolution
		StartupItem = Assembly-CSharp.csproj
	EndGlobalSection
EndGlobal
